// !$*UTF8*$!
{
	archiveVersion = 1;
	classes = {
	};
	objectVersion = 48;
	objects = {

/* Begin PBXBuildFile section */
		099127241FC0AEB700BF4479 /* AppDelegate.swift in Sources */ = {isa = PBXBuildFile; fileRef = 099127231FC0AEB700BF4479 /* AppDelegate.swift */; };
		099127261FC0AEB700BF4479 /* ViewController.swift in Sources */ = {isa = PBXBuildFile; fileRef = 099127251FC0AEB700BF4479 /* ViewController.swift */; };
		0991272B1FC0AEB700BF4479 /* Assets.xcassets in Resources */ = {isa = PBXBuildFile; fileRef = 0991272A1FC0AEB700BF4479 /* Assets.xcassets */; };
		0991272E1FC0AEB700BF4479 /* LaunchScreen.storyboard in Resources */ = {isa = PBXBuildFile; fileRef = 0991272C1FC0AEB700BF4479 /* LaunchScreen.storyboard */; };
		0991273D1FC0AFFB00BF4479 /* Default-568h@2x.png in Resources */ = {isa = PBXBuildFile; fileRef = 0991273C1FC0AFFB00BF4479 /* Default-568h@2x.png */; };
		0991273F1FC0B6F100BF4479 /* Names.swift in Sources */ = {isa = PBXBuildFile; fileRef = 0991273E1FC0B6F100BF4479 /* Names.swift */; };
/* End PBXBuildFile section */

/* Begin PBXFileReference section */
		099127201FC0AEB700BF4479 /* Contacts.app */ = {isa = PBXFileReference; explicitFileType = wrapper.application; includeInIndex = 0; path = Contacts.app; sourceTree = BUILT_PRODUCTS_DIR; };
		099127231FC0AEB700BF4479 /* AppDelegate.swift */ = {isa = PBXFileReference; lastKnownFileType = sourcecode.swift; path = AppDelegate.swift; sourceTree = "<group>"; };
		099127251FC0AEB700BF4479 /* ViewController.swift */ = {isa = PBXFileReference; lastKnownFileType = sourcecode.swift; path = ViewController.swift; sourceTree = "<group>"; };
		0991272A1FC0AEB700BF4479 /* Assets.xcassets */ = {isa = PBXFileReference; lastKnownFileType = folder.assetcatalog; path = Assets.xcassets; sourceTree = "<group>"; };
		0991272D1FC0AEB700BF4479 /* Base */ = {isa = PBXFileReference; lastKnownFileType = file.storyboard; name = Base; path = Base.lproj/LaunchScreen.storyboard; sourceTree = "<group>"; };
		0991272F1FC0AEB700BF4479 /* Info.plist */ = {isa = PBXFileReference; lastKnownFileType = text.plist.xml; path = Info.plist; sourceTree = "<group>"; };
		0991273C1FC0AFFB00BF4479 /* Default-568h@2x.png */ = {isa = PBXFileReference; lastKnownFileType = image.png; path = "Default-568h@2x.png"; sourceTree = "<group>"; };
		0991273E1FC0B6F100BF4479 /* Names.swift */ = {isa = PBXFileReference; lastKnownFileType = sourcecode.swift; path = Names.swift; sourceTree = "<group>"; };
/* End PBXFileReference section */

/* Begin PBXFrameworksBuildPhase section */
		0991271D1FC0AEB700BF4479 /* Frameworks */ = {
			isa = PBXFrameworksBuildPhase;
			buildActionMask = 2147483647;
			files = (
			);
			runOnlyForDeploymentPostprocessing = 0;
		};
/* End PBXFrameworksBuildPhase section */

/* Begin PBXGroup section */
		099127171FC0AEB700BF4479 = {
			isa = PBXGroup;
			children = (
				099127221FC0AEB700BF4479 /* Contacts */,
				099127211FC0AEB700BF4479 /* Products */,
			);
			sourceTree = "<group>";
		};
		099127211FC0AEB700BF4479 /* Products */ = {
			isa = PBXGroup;
			children = (
				099127201FC0AEB700BF4479 /* Contacts.app */,
			);
			name = Products;
			sourceTree = "<group>";
		};
		099127221FC0AEB700BF4479 /* Contacts */ = {
			isa = PBXGroup;
			children = (
				099127351FC0AEED00BF4479 /* AppDelegate */,
				0991273A1FC0AF3000BF4479 /* Model */,
				099127391FC0AF2500BF4479 /* View */,
				099127381FC0AF1A00BF4479 /* Controller */,
				099127371FC0AF0D00BF4479 /* Resources */,
				099127361FC0AF0100BF4479 /* Utilities */,
			);
			path = Contacts;
			sourceTree = "<group>";
		};
		099127351FC0AEED00BF4479 /* AppDelegate */ = {
			isa = PBXGroup;
			children = (
				099127231FC0AEB700BF4479 /* AppDelegate.swift */,
			);
			path = AppDelegate;
			sourceTree = "<group>";
		};
		099127361FC0AF0100BF4479 /* Utilities */ = {
			isa = PBXGroup;
			children = (
				0991272F1FC0AEB700BF4479 /* Info.plist */,
			);
			path = Utilities;
			sourceTree = "<group>";
		};
		099127371FC0AF0D00BF4479 /* Resources */ = {
			isa = PBXGroup;
			children = (
				0991273C1FC0AFFB00BF4479 /* Default-568h@2x.png */,
				0991272A1FC0AEB700BF4479 /* Assets.xcassets */,
			);
			path = Resources;
			sourceTree = "<group>";
		};
		099127381FC0AF1A00BF4479 /* Controller */ = {
			isa = PBXGroup;
			children = (
				099127251FC0AEB700BF4479 /* ViewController.swift */,
			);
			path = Controller;
			sourceTree = "<group>";
		};
		099127391FC0AF2500BF4479 /* View */ = {
			isa = PBXGroup;
			children = (
				0991273B1FC0AF5500BF4479 /* Storyboard */,
			);
			path = View;
			sourceTree = "<group>";
		};
		0991273A1FC0AF3000BF4479 /* Model */ = {
			isa = PBXGroup;
			children = (
				0991273E1FC0B6F100BF4479 /* Names.swift */,
			);
			path = Model;
			sourceTree = "<group>";
		};
		0991273B1FC0AF5500BF4479 /* Storyboard */ = {
			isa = PBXGroup;
			children = (
				0991272C1FC0AEB700BF4479 /* LaunchScreen.storyboard */,
			);
			path = Storyboard;
			sourceTree = "<group>";
		};
/* End PBXGroup section */

/* Begin PBXNativeTarget section */
		0991271F1FC0AEB700BF4479 /* Contacts */ = {
			isa = PBXNativeTarget;
			buildConfigurationList = 099127321FC0AEB700BF4479 /* Build configuration list for PBXNativeTarget "Contacts" */;
			buildPhases = (
				0991271C1FC0AEB700BF4479 /* Sources */,
				0991271D1FC0AEB700BF4479 /* Frameworks */,
				0991271E1FC0AEB700BF4479 /* Resources */,
			);
			buildRules = (
			);
			dependencies = (
			);
			name = Contacts;
			productName = Contacts;
			productReference = 099127201FC0AEB700BF4479 /* Contacts.app */;
			productType = "com.apple.product-type.application";
		};
/* End PBXNativeTarget section */

/* Begin PBXProject section */
		099127181FC0AEB700BF4479 /* Project object */ = {
			isa = PBXProject;
			attributes = {
				LastSwiftUpdateCheck = 0900;
				LastUpgradeCheck = 0900;
				ORGANIZATIONNAME = "Allen Boynton";
				TargetAttributes = {
					0991271F1FC0AEB700BF4479 = {
						CreatedOnToolsVersion = 9.0;
						ProvisioningStyle = Automatic;
					};
				};
			};
			buildConfigurationList = 0991271B1FC0AEB700BF4479 /* Build configuration list for PBXProject "Contacts" */;
			compatibilityVersion = "Xcode 8.0";
			developmentRegion = en;
			hasScannedForEncodings = 0;
			knownRegions = (
				en,
				Base,
			);
			mainGroup = 099127171FC0AEB700BF4479;
			productRefGroup = 099127211FC0AEB700BF4479 /* Products */;
			projectDirPath = "";
			projectRoot = "";
			targets = (
				0991271F1FC0AEB700BF4479 /* Contacts */,
			);
		};
/* End PBXProject section */

/* Begin PBXResourcesBuildPhase section */
		0991271E1FC0AEB700BF4479 /* Resources */ = {
			isa = PBXResourcesBuildPhase;
			buildActionMask = 2147483647;
			files = (
				0991272E1FC0AEB700BF4479 /* LaunchScreen.storyboard in Resources */,
				0991272B1FC0AEB700BF4479 /* Assets.xcassets in Resources */,
				0991273D1FC0AFFB00BF4479 /* Default-568h@2x.png in Resources */,
			);
			runOnlyForDeploymentPostprocessing = 0;
		};
/* End PBXResourcesBuildPhase section */

/* Begin PBXSourcesBuildPhase section */
		0991271C1FC0AEB700BF4479 /* Sources */ = {
			isa = PBXSourcesBuildPhase;
			buildActionMask = 2147483647;
			files = (
				0991273F1FC0B6F100BF4479 /* Names.swift in Sources */,
				099127261FC0AEB700BF4479 /* ViewController.swift in Sources */,
				099127241FC0AEB700BF4479 /* AppDelegate.swift in Sources */,
			);
			runOnlyForDeploymentPostprocessing = 0;
		};
/* End PBXSourcesBuildPhase section */

/* Begin PBXVariantGroup section */
		0991272C1FC0AEB700BF4479 /* LaunchScreen.storyboard */ = {
			isa = PBXVariantGroup;
			children = (
				0991272D1FC0AEB700BF4479 /* Base */,
			);
			name = LaunchScreen.storyboard;
			sourceTree = "<group>";
		};
/* End PBXVariantGroup section */

/* Begin XCBuildConfiguration section */
		099127301FC0AEB700BF4479 /* Debug */ = {
			isa = XCBuildConfiguration;
			buildSettings = {
				ALWAYS_SEARCH_USER_PATHS = NO;
				CLANG_ANALYZER_NONNULL = YES;
				CLANG_ANALYZER_NUMBER_OBJECT_CONVERSION = YES_AGGRESSIVE;
				CLANG_CXX_LANGUAGE_STANDARD = "gnu++14";
				CLANG_CXX_LIBRARY = "libc++";
				CLANG_ENABLE_MODULES = YES;
				CLANG_ENABLE_OBJC_ARC = YES;
				CLANG_WARN_BLOCK_CAPTURE_AUTORELEASING = YES;
				CLANG_WARN_BOOL_CONVERSION = YES;
				CLANG_WARN_COMMA = YES;
				CLANG_WARN_CONSTANT_CONVERSION = YES;
				CLANG_WARN_DIRECT_OBJC_ISA_USAGE = YES_ERROR;
				CLANG_WARN_DOCUMENTATION_COMMENTS = YES;
				CLANG_WARN_EMPTY_BODY = YES;
				CLANG_WARN_ENUM_CONVERSION = YES;
				CLANG_WARN_INFINITE_RECURSION = YES;
				CLANG_WARN_INT_CONVERSION = YES;
				CLANG_WARN_NON_LITERAL_NULL_CONVERSION = YES;
				CLANG_WARN_OBJC_LITERAL_CONVERSION = YES;
				CLANG_WARN_OBJC_ROOT_CLASS = YES_ERROR;
				CLANG_WARN_RANGE_LOOP_ANALYSIS = YES;
				CLANG_WARN_STRICT_PROTOTYPES = YES;
				CLANG_WARN_SUSPICIOUS_MOVE = YES;
				CLANG_WARN_UNGUARDED_AVAILABILITY = YES_AGGRESSIVE;
				CLANG_WARN_UNREACHABLE_CODE = YES;
				CLANG_WARN__DUPLICATE_METHOD_MATCH = YES;
				CODE_SIGN_IDENTITY = "iPhone Developer";
				COPY_PHASE_STRIP = NO;
				DEBUG_INFORMATION_FORMAT = dwarf;
				ENABLE_STRICT_OBJC_MSGSEND = YES;
				ENABLE_TESTABILITY = YES;
				GCC_C_LANGUAGE_STANDARD = gnu11;
				GCC_DYNAMIC_NO_PIC = NO;
				GCC_NO_COMMON_BLOCKS = YES;
				GCC_OPTIMIZATION_LEVEL = 0;
				GCC_PREPROCESSOR_DEFINITIONS = (
					"DEBUG=1",
					"$(inherited)",
				);
				GCC_WARN_64_TO_32_BIT_CONVERSION = YES;
				GCC_WARN_ABOUT_RETURN_TYPE = YES_ERROR;
				GCC_WARN_UNDECLARED_SELECTOR = YES;
				GCC_WARN_UNINITIALIZED_AUTOS = YES_AGGRESSIVE;
				GCC_WARN_UNUSED_FUNCTION = YES;
				GCC_WARN_UNUSED_VARIABLE = YES;
				IPHONEOS_DEPLOYMENT_TARGET = 11.0;
				MTL_ENABLE_DEBUG_INFO = YES;
				ONLY_ACTIVE_ARCH = YES;
				SDKROOT = iphoneos;
				SWIFT_ACTIVE_COMPILATION_CONDITIONS = DEBUG;
				SWIFT_OPTIMIZATION_LEVEL = "-Onone";
			};
			name = Debug;
		};
		099127311FC0AEB700BF4479 /* Release */ = {
			isa = XCBuildConfiguration;
			buildSettings = {
				ALWAYS_SEARCH_USER_PATHS = NO;
				CLANG_ANALYZER_NONNULL = YES;
				CLANG_ANALYZER_NUMBER_OBJECT_CONVERSION = YES_AGGRESSIVE;
				CLANG_CXX_LANGUAGE_STANDARD = "gnu++14";
				CLANG_CXX_LIBRARY = "libc++";
				CLANG_ENABLE_MODULES = YES;
				CLANG_ENABLE_OBJC_ARC = YES;
				CLANG_WARN_BLOCK_CAPTURE_AUTORELEASING = YES;
				CLANG_WARN_BOOL_CONVERSION = YES;
				CLANG_WARN_COMMA = YES;
				CLANG_WARN_CONSTANT_CONVERSION = YES;
				CLANG_WARN_DIRECT_OBJC_ISA_USAGE = YES_ERROR;
				CLANG_WARN_DOCUMENTATION_COMMENTS = YES;
				CLANG_WARN_EMPTY_BODY = YES;
				CLANG_WARN_ENUM_CONVERSION = YES;
				CLANG_WARN_INFINITE_RECURSION = YES;
				CLANG_WARN_INT_CONVERSION = YES;
				CLANG_WARN_NON_LITERAL_NULL_CONVERSION = YES;
				CLANG_WARN_OBJC_LITERAL_CONVERSION = YES;
				CLANG_WARN_OBJC_ROOT_CLASS = YES_ERROR;
				CLANG_WARN_RANGE_LOOP_ANALYSIS = YES;
				CLANG_WARN_STRICT_PROTOTYPES = YES;
				CLANG_WARN_SUSPICIOUS_MOVE = YES;
				CLANG_WARN_UNGUARDED_AVAILABILITY = YES_AGGRESSIVE;
				CLANG_WARN_UNREACHABLE_CODE = YES;
				CLANG_WARN__DUPLICATE_METHOD_MATCH = YES;
				CODE_SIGN_IDENTITY = "iPhone Developer";
				COPY_PHASE_STRIP = NO;
				DEBUG_INFORMATION_FORMAT = "dwarf-with-dsym";
				ENABLE_NS_ASSERTIONS = NO;
				ENABLE_STRICT_OBJC_MSGSEND = YES;
				GCC_C_LANGUAGE_STANDARD = gnu11;
				GCC_NO_COMMON_BLOCKS = YES;
				GCC_WARN_64_TO_32_BIT_CONVERSION = YES;
				GCC_WARN_ABOUT_RETURN_TYPE = YES_ERROR;
				GCC_WARN_UNDECLARED_SELECTOR = YES;
				GCC_WARN_UNINITIALIZED_AUTOS = YES_AGGRESSIVE;
				GCC_WARN_UNUSED_FUNCTION = YES;
				GCC_WARN_UNUSED_VARIABLE = YES;
				IPHONEOS_DEPLOYMENT_TARGET = 11.0;
				MTL_ENABLE_DEBUG_INFO = NO;
				SDKROOT = iphoneos;
				SWIFT_OPTIMIZATION_LEVEL = "-Owholemodule";
				VALIDATE_PRODUCT = YES;
			};
			name = Release;
		};
		099127331FC0AEB700BF4479 /* Debug */ = {
			isa = XCBuildConfiguration;
			buildSettings = {
				ASSETCATALOG_COMPILER_APPICON_NAME = AppIcon;
				CODE_SIGN_STYLE = Automatic;
				DEVELOPMENT_TEAM = U9L5ZCZHA3;
				INFOPLIST_FILE = "$(SRCROOT)/Contacts/Utilities/Info.plist";
				LD_RUNPATH_SEARCH_PATHS = "$(inherited) @executable_path/Frameworks";
				PRODUCT_BUNDLE_IDENTIFIER = com.alsmobileapps.Contacts;
				PRODUCT_NAME = "$(TARGET_NAME)";
				SWIFT_VERSION = 4.0;
				TARGETED_DEVICE_FAMILY = 1;
			};
			name = Debug;
		};
		099127341FC0AEB700BF4479 /* Release */ = {
			isa = XCBuildConfiguration;
			buildSettings = {
				ASSETCATALOG_COMPILER_APPICON_NAME = AppIcon;
				CODE_SIGN_STYLE = Automatic;
				DEVELOPMENT_TEAM = U9L5ZCZHA3;
				INFOPLIST_FILE = "$(SRCROOT)/Contacts/Utilities/Info.plist";
				LD_RUNPATH_SEARCH_PATHS = "$(inherited) @executable_path/Frameworks";
				PRODUCT_BUNDLE_IDENTIFIER = com.alsmobileapps.Contacts;
				PRODUCT_NAME = "$(TARGET_NAME)";
				SWIFT_VERSION = 4.0;
				TARGETED_DEVICE_FAMILY = 1;
			};
			name = Release;
		};
/* End XCBuildConfiguration section */

/* Begin XCConfigurationList section */
		0991271B1FC0AEB700BF4479 /* Build configuration list for PBXProject "Contacts" */ = {
			isa = XCConfigurationList;
			buildConfigurations = (
				099127301FC0AEB700BF4479 /* Debug */,
				099127311FC0AEB700BF4479 /* Release */,
			);
			defaultConfigurationIsVisible = 0;
			defaultConfigurationName = Release;
		};
		099127321FC0AEB700BF4479 /* Build configuration list for PBXNativeTarget "Contacts" */ = {
			isa = XCConfigurationList;
			buildConfigurations = (
				099127331FC0AEB700BF4479 /* Debug */,
				099127341FC0AEB700BF4479 /* Release */,
			);
			defaultConfigurationIsVisible = 0;
			defaultConfigurationName = Release;
		};
/* End XCConfigurationList section */
	};
	rootObject = 099127181FC0AEB700BF4479 /* Project object */;
}
