// !$*UTF8*$!
{
	archiveVersion = 1;
	classes = {
	};
	objectVersion = 46;
	objects = {

/* Begin PBXBuildFile section */
		0940F5841D370AB700BFA91C /* Beast.jpg in Resources */ = {isa = PBXBuildFile; fileRef = 0940F56F1D370AB600BFA91C /* Beast.jpg */; };
		0940F5851D370AB700BFA91C /* Captain_America.jpeg in Resources */ = {isa = PBXBuildFile; fileRef = 0940F5701D370AB600BFA91C /* Captain_America.jpeg */; };
		0940F5861D370AB700BFA91C /* Cyclops.jpg in Resources */ = {isa = PBXBuildFile; fileRef = 0940F5711D370AB600BFA91C /* Cyclops.jpg */; };
		0940F5871D370AB700BFA91C /* Daredevil.jpeg in Resources */ = {isa = PBXBuildFile; fileRef = 0940F5721D370AB600BFA91C /* Daredevil.jpeg */; };
		0940F5881D370AB700BFA91C /* Doctor_Strange.png in Resources */ = {isa = PBXBuildFile; fileRef = 0940F5731D370AB600BFA91C /* Doctor_Strange.png */; };
		0940F5891D370AB700BFA91C /* Elektra.jpg in Resources */ = {isa = PBXBuildFile; fileRef = 0940F5741D370AB600BFA91C /* Elektra.jpg */; };
		0940F58A1D370AB700BFA91C /* Hulk.jpeg in Resources */ = {isa = PBXBuildFile; fileRef = 0940F5751D370AB600BFA91C /* Hulk.jpeg */; };
		0940F58B1D370AB700BFA91C /* Human_Torch.jpg in Resources */ = {isa = PBXBuildFile; fileRef = 0940F5761D370AB600BFA91C /* Human_Torch.jpg */; };
		0940F58C1D370AB700BFA91C /* Invisible.jpg in Resources */ = {isa = PBXBuildFile; fileRef = 0940F5771D370AB700BFA91C /* Invisible.jpg */; };
		0940F58D1D370AB700BFA91C /* Ironman.jpeg in Resources */ = {isa = PBXBuildFile; fileRef = 0940F5781D370AB700BFA91C /* Ironman.jpeg */; };
		0940F58E1D370AB700BFA91C /* Mr_Fantastic.jpg in Resources */ = {isa = PBXBuildFile; fileRef = 0940F5791D370AB700BFA91C /* Mr_Fantastic.jpg */; };
		0940F58F1D370AB700BFA91C /* Namor.jpg in Resources */ = {isa = PBXBuildFile; fileRef = 0940F57A1D370AB700BFA91C /* Namor.jpg */; };
		0940F5901D370AB700BFA91C /* Punisher.jpg in Resources */ = {isa = PBXBuildFile; fileRef = 0940F57B1D370AB700BFA91C /* Punisher.jpg */; };
		0940F5911D370AB700BFA91C /* Silver_Surfer.jpeg in Resources */ = {isa = PBXBuildFile; fileRef = 0940F57C1D370AB700BFA91C /* Silver_Surfer.jpeg */; };
		0940F5921D370AB700BFA91C /* Spiderman.jpeg in Resources */ = {isa = PBXBuildFile; fileRef = 0940F57D1D370AB700BFA91C /* Spiderman.jpeg */; };
		0940F5931D370AB700BFA91C /* Storm.jpg in Resources */ = {isa = PBXBuildFile; fileRef = 0940F57E1D370AB700BFA91C /* Storm.jpg */; };
		0940F5941D370AB700BFA91C /* Superhero.jpg in Resources */ = {isa = PBXBuildFile; fileRef = 0940F57F1D370AB700BFA91C /* Superhero.jpg */; };
		0940F5951D370AB700BFA91C /* Thing.jpg in Resources */ = {isa = PBXBuildFile; fileRef = 0940F5801D370AB700BFA91C /* Thing.jpg */; };
		0940F5961D370AB700BFA91C /* Thor.jpeg in Resources */ = {isa = PBXBuildFile; fileRef = 0940F5811D370AB700BFA91C /* Thor.jpeg */; };
		0940F5971D370AB700BFA91C /* Vision.jpg in Resources */ = {isa = PBXBuildFile; fileRef = 0940F5821D370AB700BFA91C /* Vision.jpg */; };
		0940F5981D370AB700BFA91C /* Wolverine.png in Resources */ = {isa = PBXBuildFile; fileRef = 0940F5831D370AB700BFA91C /* Wolverine.png */; };
		09FABAB41BE0726800B6A0BB /* AppDelegate.swift in Sources */ = {isa = PBXBuildFile; fileRef = 09FABAB31BE0726800B6A0BB /* AppDelegate.swift */; };
		09FABAB61BE0726800B6A0BB /* ViewController.swift in Sources */ = {isa = PBXBuildFile; fileRef = 09FABAB51BE0726800B6A0BB /* ViewController.swift */; };
		09FABAB91BE0726800B6A0BB /* Main.storyboard in Resources */ = {isa = PBXBuildFile; fileRef = 09FABAB71BE0726800B6A0BB /* Main.storyboard */; };
		09FABABB1BE0726800B6A0BB /* Assets.xcassets in Resources */ = {isa = PBXBuildFile; fileRef = 09FABABA1BE0726800B6A0BB /* Assets.xcassets */; };
		09FABABE1BE0726800B6A0BB /* LaunchScreen.storyboard in Resources */ = {isa = PBXBuildFile; fileRef = 09FABABC1BE0726800B6A0BB /* LaunchScreen.storyboard */; };
		09FABAC61BE072C400B6A0BB /* DetailViewController.swift in Sources */ = {isa = PBXBuildFile; fileRef = 09FABAC51BE072C400B6A0BB /* DetailViewController.swift */; };
		09FABAC81BE073F100B6A0BB /* ArrayInfo.swift in Sources */ = {isa = PBXBuildFile; fileRef = 09FABAC71BE073F100B6A0BB /* ArrayInfo.swift */; };
		09FABB211BE0A0F900B6A0BB /* American Captain.ttf in Resources */ = {isa = PBXBuildFile; fileRef = 09FABB1E1BE0A0F900B6A0BB /* American Captain.ttf */; };
		09FABB2A1BE1A26800B6A0BB /* ObjectViewCell.swift in Sources */ = {isa = PBXBuildFile; fileRef = 09FABB291BE1A26800B6A0BB /* ObjectViewCell.swift */; };
		09FABB341BE1BA7300B6A0BB /* mask.ttf in Resources */ = {isa = PBXBuildFile; fileRef = 09FABB2C1BE1BA7300B6A0BB /* mask.ttf */; };
		09FABB351BE1BA7300B6A0BB /* mask.txt in Resources */ = {isa = PBXBuildFile; fileRef = 09FABB2D1BE1BA7300B6A0BB /* mask.txt */; };
		09FABB361BE1BA7300B6A0BB /* maskb.ttf in Resources */ = {isa = PBXBuildFile; fileRef = 09FABB2E1BE1BA7300B6A0BB /* maskb.ttf */; };
		09FABB371BE1BA7300B6A0BB /* maskc.ttf in Resources */ = {isa = PBXBuildFile; fileRef = 09FABB2F1BE1BA7300B6A0BB /* maskc.ttf */; };
		09FABB381BE1BA7300B6A0BB /* maske.ttf in Resources */ = {isa = PBXBuildFile; fileRef = 09FABB301BE1BA7300B6A0BB /* maske.ttf */; };
		09FABB391BE1BA7300B6A0BB /* maski.ttf in Resources */ = {isa = PBXBuildFile; fileRef = 09FABB311BE1BA7300B6A0BB /* maski.ttf */; };
		09FABB3A1BE1BA7300B6A0BB /* maskl.ttf in Resources */ = {isa = PBXBuildFile; fileRef = 09FABB321BE1BA7300B6A0BB /* maskl.ttf */; };
		09FABB3B1BE1BA7300B6A0BB /* maskr.ttf in Resources */ = {isa = PBXBuildFile; fileRef = 09FABB331BE1BA7300B6A0BB /* maskr.ttf */; };
/* End PBXBuildFile section */

/* Begin PBXFileReference section */
		0940F56F1D370AB600BFA91C /* Beast.jpg */ = {isa = PBXFileReference; lastKnownFileType = image.jpeg; path = Beast.jpg; sourceTree = "<group>"; };
		0940F5701D370AB600BFA91C /* Captain_America.jpeg */ = {isa = PBXFileReference; lastKnownFileType = image.jpeg; path = Captain_America.jpeg; sourceTree = "<group>"; };
		0940F5711D370AB600BFA91C /* Cyclops.jpg */ = {isa = PBXFileReference; lastKnownFileType = image.jpeg; path = Cyclops.jpg; sourceTree = "<group>"; };
		0940F5721D370AB600BFA91C /* Daredevil.jpeg */ = {isa = PBXFileReference; lastKnownFileType = image.jpeg; path = Daredevil.jpeg; sourceTree = "<group>"; };
		0940F5731D370AB600BFA91C /* Doctor_Strange.png */ = {isa = PBXFileReference; lastKnownFileType = image.png; path = Doctor_Strange.png; sourceTree = "<group>"; };
		0940F5741D370AB600BFA91C /* Elektra.jpg */ = {isa = PBXFileReference; lastKnownFileType = image.jpeg; path = Elektra.jpg; sourceTree = "<group>"; };
		0940F5751D370AB600BFA91C /* Hulk.jpeg */ = {isa = PBXFileReference; lastKnownFileType = image.jpeg; path = Hulk.jpeg; sourceTree = "<group>"; };
		0940F5761D370AB600BFA91C /* Human_Torch.jpg */ = {isa = PBXFileReference; lastKnownFileType = image.jpeg; path = Human_Torch.jpg; sourceTree = "<group>"; };
		0940F5771D370AB700BFA91C /* Invisible.jpg */ = {isa = PBXFileReference; lastKnownFileType = image.jpeg; path = Invisible.jpg; sourceTree = "<group>"; };
		0940F5781D370AB700BFA91C /* Ironman.jpeg */ = {isa = PBXFileReference; lastKnownFileType = image.jpeg; path = Ironman.jpeg; sourceTree = "<group>"; };
		0940F5791D370AB700BFA91C /* Mr_Fantastic.jpg */ = {isa = PBXFileReference; lastKnownFileType = image.jpeg; path = Mr_Fantastic.jpg; sourceTree = "<group>"; };
		0940F57A1D370AB700BFA91C /* Namor.jpg */ = {isa = PBXFileReference; lastKnownFileType = image.jpeg; path = Namor.jpg; sourceTree = "<group>"; };
		0940F57B1D370AB700BFA91C /* Punisher.jpg */ = {isa = PBXFileReference; lastKnownFileType = image.jpeg; path = Punisher.jpg; sourceTree = "<group>"; };
		0940F57C1D370AB700BFA91C /* Silver_Surfer.jpeg */ = {isa = PBXFileReference; lastKnownFileType = image.jpeg; path = Silver_Surfer.jpeg; sourceTree = "<group>"; };
		0940F57D1D370AB700BFA91C /* Spiderman.jpeg */ = {isa = PBXFileReference; lastKnownFileType = image.jpeg; path = Spiderman.jpeg; sourceTree = "<group>"; };
		0940F57E1D370AB700BFA91C /* Storm.jpg */ = {isa = PBXFileReference; lastKnownFileType = image.jpeg; path = Storm.jpg; sourceTree = "<group>"; };
		0940F57F1D370AB700BFA91C /* Superhero.jpg */ = {isa = PBXFileReference; lastKnownFileType = image.jpeg; path = Superhero.jpg; sourceTree = "<group>"; };
		0940F5801D370AB700BFA91C /* Thing.jpg */ = {isa = PBXFileReference; lastKnownFileType = image.jpeg; path = Thing.jpg; sourceTree = "<group>"; };
		0940F5811D370AB700BFA91C /* Thor.jpeg */ = {isa = PBXFileReference; lastKnownFileType = image.jpeg; path = Thor.jpeg; sourceTree = "<group>"; };
		0940F5821D370AB700BFA91C /* Vision.jpg */ = {isa = PBXFileReference; lastKnownFileType = image.jpeg; path = Vision.jpg; sourceTree = "<group>"; };
		0940F5831D370AB700BFA91C /* Wolverine.png */ = {isa = PBXFileReference; lastKnownFileType = image.png; path = Wolverine.png; sourceTree = "<group>"; };
		09FABAB01BE0726800B6A0BB /* boynton_allen_project1.app */ = {isa = PBXFileReference; explicitFileType = wrapper.application; includeInIndex = 0; path = boynton_allen_project1.app; sourceTree = BUILT_PRODUCTS_DIR; };
		09FABAB31BE0726800B6A0BB /* AppDelegate.swift */ = {isa = PBXFileReference; lastKnownFileType = sourcecode.swift; path = AppDelegate.swift; sourceTree = "<group>"; };
		09FABAB51BE0726800B6A0BB /* ViewController.swift */ = {isa = PBXFileReference; lastKnownFileType = sourcecode.swift; path = ViewController.swift; sourceTree = "<group>"; };
		09FABAB81BE0726800B6A0BB /* Base */ = {isa = PBXFileReference; lastKnownFileType = file.storyboard; name = Base; path = Base.lproj/Main.storyboard; sourceTree = "<group>"; };
		09FABABA1BE0726800B6A0BB /* Assets.xcassets */ = {isa = PBXFileReference; lastKnownFileType = folder.assetcatalog; path = Assets.xcassets; sourceTree = "<group>"; };
		09FABABD1BE0726800B6A0BB /* Base */ = {isa = PBXFileReference; lastKnownFileType = file.storyboard; name = Base; path = Base.lproj/LaunchScreen.storyboard; sourceTree = "<group>"; };
		09FABABF1BE0726800B6A0BB /* Info.plist */ = {isa = PBXFileReference; lastKnownFileType = text.plist.xml; path = Info.plist; sourceTree = "<group>"; };
		09FABAC51BE072C400B6A0BB /* DetailViewController.swift */ = {isa = PBXFileReference; fileEncoding = 4; lastKnownFileType = sourcecode.swift; path = DetailViewController.swift; sourceTree = "<group>"; };
		09FABAC71BE073F100B6A0BB /* ArrayInfo.swift */ = {isa = PBXFileReference; fileEncoding = 4; lastKnownFileType = sourcecode.swift; path = ArrayInfo.swift; sourceTree = "<group>"; };
		09FABB1E1BE0A0F900B6A0BB /* American Captain.ttf */ = {isa = PBXFileReference; lastKnownFileType = file; path = "American Captain.ttf"; sourceTree = "<group>"; };
		09FABB291BE1A26800B6A0BB /* ObjectViewCell.swift */ = {isa = PBXFileReference; fileEncoding = 4; lastKnownFileType = sourcecode.swift; path = ObjectViewCell.swift; sourceTree = "<group>"; };
		09FABB2C1BE1BA7300B6A0BB /* mask.ttf */ = {isa = PBXFileReference; lastKnownFileType = file; path = mask.ttf; sourceTree = "<group>"; };
		09FABB2D1BE1BA7300B6A0BB /* mask.txt */ = {isa = PBXFileReference; fileEncoding = 4; lastKnownFileType = text; path = mask.txt; sourceTree = "<group>"; };
		09FABB2E1BE1BA7300B6A0BB /* maskb.ttf */ = {isa = PBXFileReference; lastKnownFileType = file; path = maskb.ttf; sourceTree = "<group>"; };
		09FABB2F1BE1BA7300B6A0BB /* maskc.ttf */ = {isa = PBXFileReference; lastKnownFileType = file; path = maskc.ttf; sourceTree = "<group>"; };
		09FABB301BE1BA7300B6A0BB /* maske.ttf */ = {isa = PBXFileReference; lastKnownFileType = file; path = maske.ttf; sourceTree = "<group>"; };
		09FABB311BE1BA7300B6A0BB /* maski.ttf */ = {isa = PBXFileReference; lastKnownFileType = file; path = maski.ttf; sourceTree = "<group>"; };
		09FABB321BE1BA7300B6A0BB /* maskl.ttf */ = {isa = PBXFileReference; lastKnownFileType = file; path = maskl.ttf; sourceTree = "<group>"; };
		09FABB331BE1BA7300B6A0BB /* maskr.ttf */ = {isa = PBXFileReference; lastKnownFileType = file; path = maskr.ttf; sourceTree = "<group>"; };
/* End PBXFileReference section */

/* Begin PBXFrameworksBuildPhase section */
		09FABAAD1BE0726800B6A0BB /* Frameworks */ = {
			isa = PBXFrameworksBuildPhase;
			buildActionMask = 2147483647;
			files = (
			);
			runOnlyForDeploymentPostprocessing = 0;
		};
/* End PBXFrameworksBuildPhase section */

/* Begin PBXGroup section */
		0940F56E1D370A7300BFA91C /* Images */ = {
			isa = PBXGroup;
			children = (
				0940F56F1D370AB600BFA91C /* Beast.jpg */,
				0940F5701D370AB600BFA91C /* Captain_America.jpeg */,
				0940F5711D370AB600BFA91C /* Cyclops.jpg */,
				0940F5721D370AB600BFA91C /* Daredevil.jpeg */,
				0940F5731D370AB600BFA91C /* Doctor_Strange.png */,
				0940F5741D370AB600BFA91C /* Elektra.jpg */,
				0940F5751D370AB600BFA91C /* Hulk.jpeg */,
				0940F5761D370AB600BFA91C /* Human_Torch.jpg */,
				0940F5771D370AB700BFA91C /* Invisible.jpg */,
				0940F5781D370AB700BFA91C /* Ironman.jpeg */,
				0940F5791D370AB700BFA91C /* Mr_Fantastic.jpg */,
				0940F57A1D370AB700BFA91C /* Namor.jpg */,
				0940F57B1D370AB700BFA91C /* Punisher.jpg */,
				0940F57C1D370AB700BFA91C /* Silver_Surfer.jpeg */,
				0940F57D1D370AB700BFA91C /* Spiderman.jpeg */,
				0940F57E1D370AB700BFA91C /* Storm.jpg */,
				0940F57F1D370AB700BFA91C /* Superhero.jpg */,
				0940F5801D370AB700BFA91C /* Thing.jpg */,
				0940F5811D370AB700BFA91C /* Thor.jpeg */,
				0940F5821D370AB700BFA91C /* Vision.jpg */,
				0940F5831D370AB700BFA91C /* Wolverine.png */,
			);
			name = Images;
			sourceTree = "<group>";
		};
		09FABAA71BE0726800B6A0BB = {
			isa = PBXGroup;
			children = (
				09FABAB21BE0726800B6A0BB /* boynton_allen_project1 */,
				09FABAB11BE0726800B6A0BB /* Products */,
			);
			sourceTree = "<group>";
		};
		09FABAB11BE0726800B6A0BB /* Products */ = {
			isa = PBXGroup;
			children = (
				09FABAB01BE0726800B6A0BB /* boynton_allen_project1.app */,
			);
			name = Products;
			sourceTree = "<group>";
		};
		09FABAB21BE0726800B6A0BB /* boynton_allen_project1 */ = {
			isa = PBXGroup;
			children = (
				09FABAB31BE0726800B6A0BB /* AppDelegate.swift */,
				09FABAC71BE073F100B6A0BB /* ArrayInfo.swift */,
				09FABAB51BE0726800B6A0BB /* ViewController.swift */,
				09FABB291BE1A26800B6A0BB /* ObjectViewCell.swift */,
				09FABAC51BE072C400B6A0BB /* DetailViewController.swift */,
				09FABAB71BE0726800B6A0BB /* Main.storyboard */,
				09FABABC1BE0726800B6A0BB /* LaunchScreen.storyboard */,
				09FABABA1BE0726800B6A0BB /* Assets.xcassets */,
				0940F56E1D370A7300BFA91C /* Images */,
				09FABB2B1BE1BA7300B6A0BB /* masked_marvel */,
				09FABB1C1BE0A0F900B6A0BB /* the-fontry_american-captain */,
				09FABABF1BE0726800B6A0BB /* Info.plist */,
			);
			path = boynton_allen_project1;
			sourceTree = "<group>";
		};
		09FABB1C1BE0A0F900B6A0BB /* the-fontry_american-captain */ = {
			isa = PBXGroup;
			children = (
				09FABB1E1BE0A0F900B6A0BB /* American Captain.ttf */,
			);
			name = "the-fontry_american-captain";
			path = "Images/masked_marvel/the-fontry_american-captain";
			sourceTree = "<group>";
		};
		09FABB2B1BE1BA7300B6A0BB /* masked_marvel */ = {
			isa = PBXGroup;
			children = (
				09FABB2C1BE1BA7300B6A0BB /* mask.ttf */,
				09FABB2D1BE1BA7300B6A0BB /* mask.txt */,
				09FABB2E1BE1BA7300B6A0BB /* maskb.ttf */,
				09FABB2F1BE1BA7300B6A0BB /* maskc.ttf */,
				09FABB301BE1BA7300B6A0BB /* maske.ttf */,
				09FABB311BE1BA7300B6A0BB /* maski.ttf */,
				09FABB321BE1BA7300B6A0BB /* maskl.ttf */,
				09FABB331BE1BA7300B6A0BB /* maskr.ttf */,
			);
			name = masked_marvel;
			path = "Images/masked_marvel/the-fontry_american-captain/masked_marvel";
			sourceTree = "<group>";
		};
/* End PBXGroup section */

/* Begin PBXNativeTarget section */
		09FABAAF1BE0726800B6A0BB /* boynton_allen_project1 */ = {
			isa = PBXNativeTarget;
			buildConfigurationList = 09FABAC21BE0726800B6A0BB /* Build configuration list for PBXNativeTarget "boynton_allen_project1" */;
			buildPhases = (
				09FABAAC1BE0726800B6A0BB /* Sources */,
				09FABAAD1BE0726800B6A0BB /* Frameworks */,
				09FABAAE1BE0726800B6A0BB /* Resources */,
			);
			buildRules = (
			);
			dependencies = (
			);
			name = boynton_allen_project1;
			productName = boynton_allen_project1;
			productReference = 09FABAB01BE0726800B6A0BB /* boynton_allen_project1.app */;
			productType = "com.apple.product-type.application";
		};
/* End PBXNativeTarget section */

/* Begin PBXProject section */
		09FABAA81BE0726800B6A0BB /* Project object */ = {
			isa = PBXProject;
			attributes = {
				LastSwiftUpdateCheck = 0710;
				LastUpgradeCheck = 0710;
				ORGANIZATIONNAME = "Full Sail University";
				TargetAttributes = {
					09FABAAF1BE0726800B6A0BB = {
						CreatedOnToolsVersion = 7.1;
					};
				};
			};
			buildConfigurationList = 09FABAAB1BE0726800B6A0BB /* Build configuration list for PBXProject "boynton_allen_project1" */;
			compatibilityVersion = "Xcode 3.2";
			developmentRegion = English;
			hasScannedForEncodings = 0;
			knownRegions = (
				en,
				Base,
			);
			mainGroup = 09FABAA71BE0726800B6A0BB;
			productRefGroup = 09FABAB11BE0726800B6A0BB /* Products */;
			projectDirPath = "";
			projectRoot = "";
			targets = (
				09FABAAF1BE0726800B6A0BB /* boynton_allen_project1 */,
			);
		};
/* End PBXProject section */

/* Begin PBXResourcesBuildPhase section */
		09FABAAE1BE0726800B6A0BB /* Resources */ = {
			isa = PBXResourcesBuildPhase;
			buildActionMask = 2147483647;
			files = (
				0940F5961D370AB700BFA91C /* Thor.jpeg in Resources */,
				09FABB211BE0A0F900B6A0BB /* American Captain.ttf in Resources */,
				0940F5901D370AB700BFA91C /* Punisher.jpg in Resources */,
				0940F5981D370AB700BFA91C /* Wolverine.png in Resources */,
				09FABABE1BE0726800B6A0BB /* LaunchScreen.storyboard in Resources */,
				0940F5871D370AB700BFA91C /* Daredevil.jpeg in Resources */,
				0940F5861D370AB700BFA91C /* Cyclops.jpg in Resources */,
				0940F5911D370AB700BFA91C /* Silver_Surfer.jpeg in Resources */,
				09FABABB1BE0726800B6A0BB /* Assets.xcassets in Resources */,
				0940F58F1D370AB700BFA91C /* Namor.jpg in Resources */,
				0940F58A1D370AB700BFA91C /* Hulk.jpeg in Resources */,
				0940F5931D370AB700BFA91C /* Storm.jpg in Resources */,
				0940F58B1D370AB700BFA91C /* Human_Torch.jpg in Resources */,
				09FABB361BE1BA7300B6A0BB /* maskb.ttf in Resources */,
				0940F5951D370AB700BFA91C /* Thing.jpg in Resources */,
				0940F5891D370AB700BFA91C /* Elektra.jpg in Resources */,
				09FABB3B1BE1BA7300B6A0BB /* maskr.ttf in Resources */,
				09FABAB91BE0726800B6A0BB /* Main.storyboard in Resources */,
				0940F5971D370AB700BFA91C /* Vision.jpg in Resources */,
				0940F58C1D370AB700BFA91C /* Invisible.jpg in Resources */,
				09FABB381BE1BA7300B6A0BB /* maske.ttf in Resources */,
				0940F5881D370AB700BFA91C /* Doctor_Strange.png in Resources */,
				09FABB341BE1BA7300B6A0BB /* mask.ttf in Resources */,
				09FABB371BE1BA7300B6A0BB /* maskc.ttf in Resources */,
				0940F5941D370AB700BFA91C /* Superhero.jpg in Resources */,
				09FABB351BE1BA7300B6A0BB /* mask.txt in Resources */,
				09FABB3A1BE1BA7300B6A0BB /* maskl.ttf in Resources */,
				0940F58D1D370AB700BFA91C /* Ironman.jpeg in Resources */,
				0940F5851D370AB700BFA91C /* Captain_America.jpeg in Resources */,
				0940F58E1D370AB700BFA91C /* Mr_Fantastic.jpg in Resources */,
				0940F5841D370AB700BFA91C /* Beast.jpg in Resources */,
				0940F5921D370AB700BFA91C /* Spiderman.jpeg in Resources */,
				09FABB391BE1BA7300B6A0BB /* maski.ttf in Resources */,
			);
			runOnlyForDeploymentPostprocessing = 0;
		};
/* End PBXResourcesBuildPhase section */

/* Begin PBXSourcesBuildPhase section */
		09FABAAC1BE0726800B6A0BB /* Sources */ = {
			isa = PBXSourcesBuildPhase;
			buildActionMask = 2147483647;
			files = (
				09FABAC61BE072C400B6A0BB /* DetailViewController.swift in Sources */,
				09FABAC81BE073F100B6A0BB /* ArrayInfo.swift in Sources */,
				09FABAB61BE0726800B6A0BB /* ViewController.swift in Sources */,
				09FABB2A1BE1A26800B6A0BB /* ObjectViewCell.swift in Sources */,
				09FABAB41BE0726800B6A0BB /* AppDelegate.swift in Sources */,
			);
			runOnlyForDeploymentPostprocessing = 0;
		};
/* End PBXSourcesBuildPhase section */

/* Begin PBXVariantGroup section */
		09FABAB71BE0726800B6A0BB /* Main.storyboard */ = {
			isa = PBXVariantGroup;
			children = (
				09FABAB81BE0726800B6A0BB /* Base */,
			);
			name = Main.storyboard;
			sourceTree = "<group>";
		};
		09FABABC1BE0726800B6A0BB /* LaunchScreen.storyboard */ = {
			isa = PBXVariantGroup;
			children = (
				09FABABD1BE0726800B6A0BB /* Base */,
			);
			name = LaunchScreen.storyboard;
			sourceTree = "<group>";
		};
/* End PBXVariantGroup section */

/* Begin XCBuildConfiguration section */
		09FABAC01BE0726800B6A0BB /* Debug */ = {
			isa = XCBuildConfiguration;
			buildSettings = {
				ALWAYS_SEARCH_USER_PATHS = NO;
				CLANG_CXX_LANGUAGE_STANDARD = "gnu++0x";
				CLANG_CXX_LIBRARY = "libc++";
				CLANG_ENABLE_MODULES = YES;
				CLANG_ENABLE_OBJC_ARC = YES;
				CLANG_WARN_BOOL_CONVERSION = YES;
				CLANG_WARN_CONSTANT_CONVERSION = YES;
				CLANG_WARN_DIRECT_OBJC_ISA_USAGE = YES_ERROR;
				CLANG_WARN_EMPTY_BODY = YES;
				CLANG_WARN_ENUM_CONVERSION = YES;
				CLANG_WARN_INT_CONVERSION = YES;
				CLANG_WARN_OBJC_ROOT_CLASS = YES_ERROR;
				CLANG_WARN_UNREACHABLE_CODE = YES;
				CLANG_WARN__DUPLICATE_METHOD_MATCH = YES;
				"CODE_SIGN_IDENTITY[sdk=iphoneos*]" = "iPhone Developer";
				COPY_PHASE_STRIP = NO;
				DEBUG_INFORMATION_FORMAT = dwarf;
				ENABLE_STRICT_OBJC_MSGSEND = YES;
				ENABLE_TESTABILITY = YES;
				GCC_C_LANGUAGE_STANDARD = gnu99;
				GCC_DYNAMIC_NO_PIC = NO;
				GCC_NO_COMMON_BLOCKS = YES;
				GCC_OPTIMIZATION_LEVEL = 0;
				GCC_PREPROCESSOR_DEFINITIONS = (
					"DEBUG=1",
					"$(inherited)",
				);
				GCC_WARN_64_TO_32_BIT_CONVERSION = YES;
				GCC_WARN_ABOUT_RETURN_TYPE = YES_ERROR;
				GCC_WARN_UNDECLARED_SELECTOR = YES;
				GCC_WARN_UNINITIALIZED_AUTOS = YES_AGGRESSIVE;
				GCC_WARN_UNUSED_FUNCTION = YES;
				GCC_WARN_UNUSED_VARIABLE = YES;
				IPHONEOS_DEPLOYMENT_TARGET = 9.1;
				MTL_ENABLE_DEBUG_INFO = YES;
				ONLY_ACTIVE_ARCH = YES;
				SDKROOT = iphoneos;
				SWIFT_OPTIMIZATION_LEVEL = "-Onone";
			};
			name = Debug;
		};
		09FABAC11BE0726800B6A0BB /* Release */ = {
			isa = XCBuildConfiguration;
			buildSettings = {
				ALWAYS_SEARCH_USER_PATHS = NO;
				CLANG_CXX_LANGUAGE_STANDARD = "gnu++0x";
				CLANG_CXX_LIBRARY = "libc++";
				CLANG_ENABLE_MODULES = YES;
				CLANG_ENABLE_OBJC_ARC = YES;
				CLANG_WARN_BOOL_CONVERSION = YES;
				CLANG_WARN_CONSTANT_CONVERSION = YES;
				CLANG_WARN_DIRECT_OBJC_ISA_USAGE = YES_ERROR;
				CLANG_WARN_EMPTY_BODY = YES;
				CLANG_WARN_ENUM_CONVERSION = YES;
				CLANG_WARN_INT_CONVERSION = YES;
				CLANG_WARN_OBJC_ROOT_CLASS = YES_ERROR;
				CLANG_WARN_UNREACHABLE_CODE = YES;
				CLANG_WARN__DUPLICATE_METHOD_MATCH = YES;
				"CODE_SIGN_IDENTITY[sdk=iphoneos*]" = "iPhone Developer";
				COPY_PHASE_STRIP = NO;
				DEBUG_INFORMATION_FORMAT = "dwarf-with-dsym";
				ENABLE_NS_ASSERTIONS = NO;
				ENABLE_STRICT_OBJC_MSGSEND = YES;
				GCC_C_LANGUAGE_STANDARD = gnu99;
				GCC_NO_COMMON_BLOCKS = YES;
				GCC_WARN_64_TO_32_BIT_CONVERSION = YES;
				GCC_WARN_ABOUT_RETURN_TYPE = YES_ERROR;
				GCC_WARN_UNDECLARED_SELECTOR = YES;
				GCC_WARN_UNINITIALIZED_AUTOS = YES_AGGRESSIVE;
				GCC_WARN_UNUSED_FUNCTION = YES;
				GCC_WARN_UNUSED_VARIABLE = YES;
				IPHONEOS_DEPLOYMENT_TARGET = 9.1;
				MTL_ENABLE_DEBUG_INFO = NO;
				SDKROOT = iphoneos;
				VALIDATE_PRODUCT = YES;
			};
			name = Release;
		};
		09FABAC31BE0726800B6A0BB /* Debug */ = {
			isa = XCBuildConfiguration;
			buildSettings = {
				ASSETCATALOG_COMPILER_APPICON_NAME = AppIcon;
				CODE_SIGN_IDENTITY = "iPhone Developer";
				"CODE_SIGN_IDENTITY[sdk=iphoneos*]" = "iPhone Developer";
				INFOPLIST_FILE = boynton_allen_project1/Info.plist;
				LD_RUNPATH_SEARCH_PATHS = "$(inherited) @executable_path/Frameworks";
				PRODUCT_BUNDLE_IDENTIFIER = "edu.fullsail.boynton-allen-project1";
				PRODUCT_NAME = "$(TARGET_NAME)";
				PROVISIONING_PROFILE = "";
			};
			name = Debug;
		};
		09FABAC41BE0726800B6A0BB /* Release */ = {
			isa = XCBuildConfiguration;
			buildSettings = {
				ASSETCATALOG_COMPILER_APPICON_NAME = AppIcon;
				CODE_SIGN_IDENTITY = "iPhone Developer";
				"CODE_SIGN_IDENTITY[sdk=iphoneos*]" = "iPhone Developer";
				INFOPLIST_FILE = boynton_allen_project1/Info.plist;
				LD_RUNPATH_SEARCH_PATHS = "$(inherited) @executable_path/Frameworks";
				PRODUCT_BUNDLE_IDENTIFIER = "edu.fullsail.boynton-allen-project1";
				PRODUCT_NAME = "$(TARGET_NAME)";
				PROVISIONING_PROFILE = "";
			};
			name = Release;
		};
/* End XCBuildConfiguration section */

/* Begin XCConfigurationList section */
		09FABAAB1BE0726800B6A0BB /* Build configuration list for PBXProject "boynton_allen_project1" */ = {
			isa = XCConfigurationList;
			buildConfigurations = (
				09FABAC01BE0726800B6A0BB /* Debug */,
				09FABAC11BE0726800B6A0BB /* Release */,
			);
			defaultConfigurationIsVisible = 0;
			defaultConfigurationName = Release;
		};
		09FABAC21BE0726800B6A0BB /* Build configuration list for PBXNativeTarget "boynton_allen_project1" */ = {
			isa = XCConfigurationList;
			buildConfigurations = (
				09FABAC31BE0726800B6A0BB /* Debug */,
				09FABAC41BE0726800B6A0BB /* Release */,
			);
			defaultConfigurationIsVisible = 0;
			defaultConfigurationName = Release;
		};
/* End XCConfigurationList section */
	};
	rootObject = 09FABAA81BE0726800B6A0BB /* Project object */;
}
