// !$*UTF8*$!
{
	archiveVersion = 1;
	classes = {
	};
	objectVersion = 46;
	objects = {

/* Begin PBXBuildFile section */
		094859F41BFACD3900317C9F /* AppDelegate.swift in Sources */ = {isa = PBXBuildFile; fileRef = 094859F31BFACD3900317C9F /* AppDelegate.swift */; };
		094859F61BFACD3900317C9F /* ViewController.swift in Sources */ = {isa = PBXBuildFile; fileRef = 094859F51BFACD3900317C9F /* ViewController.swift */; };
		094859F91BFACD3900317C9F /* Main.storyboard in Resources */ = {isa = PBXBuildFile; fileRef = 094859F71BFACD3900317C9F /* Main.storyboard */; };
		094859FB1BFACD3900317C9F /* Assets.xcassets in Resources */ = {isa = PBXBuildFile; fileRef = 094859FA1BFACD3900317C9F /* Assets.xcassets */; };
		094859FE1BFACD3900317C9F /* LaunchScreen.storyboard in Resources */ = {isa = PBXBuildFile; fileRef = 094859FC1BFACD3900317C9F /* LaunchScreen.storyboard */; };
		09485A061BFD7DDD00317C9F /* SourceText.swift in Sources */ = {isa = PBXBuildFile; fileRef = 09485A051BFD7DDD00317C9F /* SourceText.swift */; };
		09485A081BFD884200317C9F /* SourceViewController.swift in Sources */ = {isa = PBXBuildFile; fileRef = 09485A071BFD884200317C9F /* SourceViewController.swift */; };
/* End PBXBuildFile section */

/* Begin PBXFileReference section */
		094859F01BFACD3900317C9F /* boynton_allen_project4.app */ = {isa = PBXFileReference; explicitFileType = wrapper.application; includeInIndex = 0; path = boynton_allen_project4.app; sourceTree = BUILT_PRODUCTS_DIR; };
		094859F31BFACD3900317C9F /* AppDelegate.swift */ = {isa = PBXFileReference; lastKnownFileType = sourcecode.swift; path = AppDelegate.swift; sourceTree = "<group>"; };
		094859F51BFACD3900317C9F /* ViewController.swift */ = {isa = PBXFileReference; lastKnownFileType = sourcecode.swift; path = ViewController.swift; sourceTree = "<group>"; };
		094859F81BFACD3900317C9F /* Base */ = {isa = PBXFileReference; lastKnownFileType = file.storyboard; name = Base; path = Base.lproj/Main.storyboard; sourceTree = "<group>"; };
		094859FA1BFACD3900317C9F /* Assets.xcassets */ = {isa = PBXFileReference; lastKnownFileType = folder.assetcatalog; path = Assets.xcassets; sourceTree = "<group>"; };
		094859FD1BFACD3900317C9F /* Base */ = {isa = PBXFileReference; lastKnownFileType = file.storyboard; name = Base; path = Base.lproj/LaunchScreen.storyboard; sourceTree = "<group>"; };
		094859FF1BFACD3900317C9F /* Info.plist */ = {isa = PBXFileReference; lastKnownFileType = text.plist.xml; path = Info.plist; sourceTree = "<group>"; };
		09485A051BFD7DDD00317C9F /* SourceText.swift */ = {isa = PBXFileReference; fileEncoding = 4; lastKnownFileType = sourcecode.swift; path = SourceText.swift; sourceTree = "<group>"; };
		09485A071BFD884200317C9F /* SourceViewController.swift */ = {isa = PBXFileReference; fileEncoding = 4; lastKnownFileType = sourcecode.swift; path = SourceViewController.swift; sourceTree = "<group>"; };
/* End PBXFileReference section */

/* Begin PBXFrameworksBuildPhase section */
		094859ED1BFACD3900317C9F /* Frameworks */ = {
			isa = PBXFrameworksBuildPhase;
			buildActionMask = 2147483647;
			files = (
			);
			runOnlyForDeploymentPostprocessing = 0;
		};
/* End PBXFrameworksBuildPhase section */

/* Begin PBXGroup section */
		094859E71BFACD3900317C9F = {
			isa = PBXGroup;
			children = (
				094859F21BFACD3900317C9F /* boynton_allen_project4 */,
				094859F11BFACD3900317C9F /* Products */,
			);
			sourceTree = "<group>";
		};
		094859F11BFACD3900317C9F /* Products */ = {
			isa = PBXGroup;
			children = (
				094859F01BFACD3900317C9F /* boynton_allen_project4.app */,
			);
			name = Products;
			sourceTree = "<group>";
		};
		094859F21BFACD3900317C9F /* boynton_allen_project4 */ = {
			isa = PBXGroup;
			children = (
				099EBD771CCE752700738310 /* App */,
				099EBD791CCE754200738310 /* Resources */,
				099EBD781CCE753300738310 /* Protocols */,
				099EBD761CCE751800738310 /* Storyboards */,
				099EBD751CCE74FB00738310 /* VCs */,
			);
			path = boynton_allen_project4;
			sourceTree = "<group>";
		};
		099EBD751CCE74FB00738310 /* VCs */ = {
			isa = PBXGroup;
			children = (
				09485A071BFD884200317C9F /* SourceViewController.swift */,
				094859F51BFACD3900317C9F /* ViewController.swift */,
			);
			name = VCs;
			sourceTree = "<group>";
		};
		099EBD761CCE751800738310 /* Storyboards */ = {
			isa = PBXGroup;
			children = (
				094859FC1BFACD3900317C9F /* LaunchScreen.storyboard */,
				094859F71BFACD3900317C9F /* Main.storyboard */,
			);
			name = Storyboards;
			sourceTree = "<group>";
		};
		099EBD771CCE752700738310 /* App */ = {
			isa = PBXGroup;
			children = (
				094859F31BFACD3900317C9F /* AppDelegate.swift */,
			);
			name = App;
			sourceTree = "<group>";
		};
		099EBD781CCE753300738310 /* Protocols */ = {
			isa = PBXGroup;
			children = (
				09485A051BFD7DDD00317C9F /* SourceText.swift */,
			);
			name = Protocols;
			sourceTree = "<group>";
		};
		099EBD791CCE754200738310 /* Resources */ = {
			isa = PBXGroup;
			children = (
				094859FA1BFACD3900317C9F /* Assets.xcassets */,
				094859FF1BFACD3900317C9F /* Info.plist */,
			);
			name = Resources;
			sourceTree = "<group>";
		};
/* End PBXGroup section */

/* Begin PBXNativeTarget section */
		094859EF1BFACD3900317C9F /* boynton_allen_project4 */ = {
			isa = PBXNativeTarget;
			buildConfigurationList = 09485A021BFACD3900317C9F /* Build configuration list for PBXNativeTarget "boynton_allen_project4" */;
			buildPhases = (
				094859EC1BFACD3900317C9F /* Sources */,
				094859ED1BFACD3900317C9F /* Frameworks */,
				094859EE1BFACD3900317C9F /* Resources */,
			);
			buildRules = (
			);
			dependencies = (
			);
			name = boynton_allen_project4;
			productName = boynton_allen_project4;
			productReference = 094859F01BFACD3900317C9F /* boynton_allen_project4.app */;
			productType = "com.apple.product-type.application";
		};
/* End PBXNativeTarget section */

/* Begin PBXProject section */
		094859E81BFACD3900317C9F /* Project object */ = {
			isa = PBXProject;
			attributes = {
				LastSwiftUpdateCheck = 0710;
				LastUpgradeCheck = 0830;
				ORGANIZATIONNAME = "Full Sail University";
				TargetAttributes = {
					094859EF1BFACD3900317C9F = {
						CreatedOnToolsVersion = 7.1;
						LastSwiftMigration = 0830;
					};
				};
			};
			buildConfigurationList = 094859EB1BFACD3900317C9F /* Build configuration list for PBXProject "boynton_allen_project4" */;
			compatibilityVersion = "Xcode 3.2";
			developmentRegion = English;
			hasScannedForEncodings = 0;
			knownRegions = (
				en,
				Base,
			);
			mainGroup = 094859E71BFACD3900317C9F;
			productRefGroup = 094859F11BFACD3900317C9F /* Products */;
			projectDirPath = "";
			projectRoot = "";
			targets = (
				094859EF1BFACD3900317C9F /* boynton_allen_project4 */,
			);
		};
/* End PBXProject section */

/* Begin PBXResourcesBuildPhase section */
		094859EE1BFACD3900317C9F /* Resources */ = {
			isa = PBXResourcesBuildPhase;
			buildActionMask = 2147483647;
			files = (
				094859FE1BFACD3900317C9F /* LaunchScreen.storyboard in Resources */,
				094859FB1BFACD3900317C9F /* Assets.xcassets in Resources */,
				094859F91BFACD3900317C9F /* Main.storyboard in Resources */,
			);
			runOnlyForDeploymentPostprocessing = 0;
		};
/* End PBXResourcesBuildPhase section */

/* Begin PBXSourcesBuildPhase section */
		094859EC1BFACD3900317C9F /* Sources */ = {
			isa = PBXSourcesBuildPhase;
			buildActionMask = 2147483647;
			files = (
				094859F61BFACD3900317C9F /* ViewController.swift in Sources */,
				09485A081BFD884200317C9F /* SourceViewController.swift in Sources */,
				094859F41BFACD3900317C9F /* AppDelegate.swift in Sources */,
				09485A061BFD7DDD00317C9F /* SourceText.swift in Sources */,
			);
			runOnlyForDeploymentPostprocessing = 0;
		};
/* End PBXSourcesBuildPhase section */

/* Begin PBXVariantGroup section */
		094859F71BFACD3900317C9F /* Main.storyboard */ = {
			isa = PBXVariantGroup;
			children = (
				094859F81BFACD3900317C9F /* Base */,
			);
			name = Main.storyboard;
			sourceTree = "<group>";
		};
		094859FC1BFACD3900317C9F /* LaunchScreen.storyboard */ = {
			isa = PBXVariantGroup;
			children = (
				094859FD1BFACD3900317C9F /* Base */,
			);
			name = LaunchScreen.storyboard;
			sourceTree = "<group>";
		};
/* End PBXVariantGroup section */

/* Begin XCBuildConfiguration section */
		09485A001BFACD3900317C9F /* Debug */ = {
			isa = XCBuildConfiguration;
			buildSettings = {
				ALWAYS_SEARCH_USER_PATHS = NO;
				CLANG_CXX_LANGUAGE_STANDARD = "gnu++0x";
				CLANG_CXX_LIBRARY = "libc++";
				CLANG_ENABLE_MODULES = YES;
				CLANG_ENABLE_OBJC_ARC = YES;
				CLANG_WARN_BOOL_CONVERSION = YES;
				CLANG_WARN_CONSTANT_CONVERSION = YES;
				CLANG_WARN_DIRECT_OBJC_ISA_USAGE = YES_ERROR;
				CLANG_WARN_EMPTY_BODY = YES;
				CLANG_WARN_ENUM_CONVERSION = YES;
				CLANG_WARN_INFINITE_RECURSION = YES;
				CLANG_WARN_INT_CONVERSION = YES;
				CLANG_WARN_OBJC_ROOT_CLASS = YES_ERROR;
				CLANG_WARN_SUSPICIOUS_MOVE = YES;
				CLANG_WARN_UNREACHABLE_CODE = YES;
				CLANG_WARN__DUPLICATE_METHOD_MATCH = YES;
				"CODE_SIGN_IDENTITY[sdk=iphoneos*]" = "iPhone Developer";
				COPY_PHASE_STRIP = NO;
				DEBUG_INFORMATION_FORMAT = dwarf;
				ENABLE_STRICT_OBJC_MSGSEND = YES;
				ENABLE_TESTABILITY = YES;
				GCC_C_LANGUAGE_STANDARD = gnu99;
				GCC_DYNAMIC_NO_PIC = NO;
				GCC_NO_COMMON_BLOCKS = YES;
				GCC_OPTIMIZATION_LEVEL = 0;
				GCC_PREPROCESSOR_DEFINITIONS = (
					"DEBUG=1",
					"$(inherited)",
				);
				GCC_WARN_64_TO_32_BIT_CONVERSION = YES;
				GCC_WARN_ABOUT_RETURN_TYPE = YES_ERROR;
				GCC_WARN_UNDECLARED_SELECTOR = YES;
				GCC_WARN_UNINITIALIZED_AUTOS = YES_AGGRESSIVE;
				GCC_WARN_UNUSED_FUNCTION = YES;
				GCC_WARN_UNUSED_VARIABLE = YES;
				IPHONEOS_DEPLOYMENT_TARGET = 9.1;
				MTL_ENABLE_DEBUG_INFO = YES;
				ONLY_ACTIVE_ARCH = YES;
				SDKROOT = iphoneos;
				SWIFT_OPTIMIZATION_LEVEL = "-Onone";
			};
			name = Debug;
		};
		09485A011BFACD3900317C9F /* Release */ = {
			isa = XCBuildConfiguration;
			buildSettings = {
				ALWAYS_SEARCH_USER_PATHS = NO;
				CLANG_CXX_LANGUAGE_STANDARD = "gnu++0x";
				CLANG_CXX_LIBRARY = "libc++";
				CLANG_ENABLE_MODULES = YES;
				CLANG_ENABLE_OBJC_ARC = YES;
				CLANG_WARN_BOOL_CONVERSION = YES;
				CLANG_WARN_CONSTANT_CONVERSION = YES;
				CLANG_WARN_DIRECT_OBJC_ISA_USAGE = YES_ERROR;
				CLANG_WARN_EMPTY_BODY = YES;
				CLANG_WARN_ENUM_CONVERSION = YES;
				CLANG_WARN_INFINITE_RECURSION = YES;
				CLANG_WARN_INT_CONVERSION = YES;
				CLANG_WARN_OBJC_ROOT_CLASS = YES_ERROR;
				CLANG_WARN_SUSPICIOUS_MOVE = YES;
				CLANG_WARN_UNREACHABLE_CODE = YES;
				CLANG_WARN__DUPLICATE_METHOD_MATCH = YES;
				"CODE_SIGN_IDENTITY[sdk=iphoneos*]" = "iPhone Developer";
				COPY_PHASE_STRIP = NO;
				DEBUG_INFORMATION_FORMAT = "dwarf-with-dsym";
				ENABLE_NS_ASSERTIONS = NO;
				ENABLE_STRICT_OBJC_MSGSEND = YES;
				GCC_C_LANGUAGE_STANDARD = gnu99;
				GCC_NO_COMMON_BLOCKS = YES;
				GCC_WARN_64_TO_32_BIT_CONVERSION = YES;
				GCC_WARN_ABOUT_RETURN_TYPE = YES_ERROR;
				GCC_WARN_UNDECLARED_SELECTOR = YES;
				GCC_WARN_UNINITIALIZED_AUTOS = YES_AGGRESSIVE;
				GCC_WARN_UNUSED_FUNCTION = YES;
				GCC_WARN_UNUSED_VARIABLE = YES;
				IPHONEOS_DEPLOYMENT_TARGET = 9.1;
				MTL_ENABLE_DEBUG_INFO = NO;
				SDKROOT = iphoneos;
				SWIFT_OPTIMIZATION_LEVEL = "-Owholemodule";
				VALIDATE_PRODUCT = YES;
			};
			name = Release;
		};
		09485A031BFACD3900317C9F /* Debug */ = {
			isa = XCBuildConfiguration;
			buildSettings = {
				ASSETCATALOG_COMPILER_APPICON_NAME = AppIcon;
				CODE_SIGN_IDENTITY = "iPhone Developer";
				INFOPLIST_FILE = boynton_allen_project4/Info.plist;
				LD_RUNPATH_SEARCH_PATHS = "$(inherited) @executable_path/Frameworks";
				PRODUCT_BUNDLE_IDENTIFIER = "edu.fullsail.boynton-allen-project4";
				PRODUCT_NAME = "$(TARGET_NAME)";
				SWIFT_VERSION = 3.0;
			};
			name = Debug;
		};
		09485A041BFACD3900317C9F /* Release */ = {
			isa = XCBuildConfiguration;
			buildSettings = {
				ASSETCATALOG_COMPILER_APPICON_NAME = AppIcon;
				CODE_SIGN_IDENTITY = "iPhone Developer";
				INFOPLIST_FILE = boynton_allen_project4/Info.plist;
				LD_RUNPATH_SEARCH_PATHS = "$(inherited) @executable_path/Frameworks";
				PRODUCT_BUNDLE_IDENTIFIER = "edu.fullsail.boynton-allen-project4";
				PRODUCT_NAME = "$(TARGET_NAME)";
				SWIFT_VERSION = 3.0;
			};
			name = Release;
		};
/* End XCBuildConfiguration section */

/* Begin XCConfigurationList section */
		094859EB1BFACD3900317C9F /* Build configuration list for PBXProject "boynton_allen_project4" */ = {
			isa = XCConfigurationList;
			buildConfigurations = (
				09485A001BFACD3900317C9F /* Debug */,
				09485A011BFACD3900317C9F /* Release */,
			);
			defaultConfigurationIsVisible = 0;
			defaultConfigurationName = Release;
		};
		09485A021BFACD3900317C9F /* Build configuration list for PBXNativeTarget "boynton_allen_project4" */ = {
			isa = XCConfigurationList;
			buildConfigurations = (
				09485A031BFACD3900317C9F /* Debug */,
				09485A041BFACD3900317C9F /* Release */,
			);
			defaultConfigurationIsVisible = 0;
			defaultConfigurationName = Release;
		};
/* End XCConfigurationList section */
	};
	rootObject = 094859E81BFACD3900317C9F /* Project object */;
}
