// !$*UTF8*$!
{
	archiveVersion = 1;
	classes = {
	};
	objectVersion = 46;
	objects = {

/* Begin PBXBuildFile section */
		0907CD261ED359A600350677 /* Pat.mp3 in Resources */ = {isa = PBXBuildFile; fileRef = 0907CD231ED359A600350677 /* Pat.mp3 */; };
		0907CD271ED359A600350677 /* select.mp3 in Resources */ = {isa = PBXBuildFile; fileRef = 0907CD241ED359A600350677 /* select.mp3 */; };
		0907CD281ED359A600350677 /* shorttone.mp3 in Resources */ = {isa = PBXBuildFile; fileRef = 0907CD251ED359A600350677 /* shorttone.mp3 */; };
		0938F1D31D137EE900196DC4 /* AVFoundation.framework in Frameworks */ = {isa = PBXBuildFile; fileRef = 0938F1D21D137EE900196DC4 /* AVFoundation.framework */; };
		09D5B3BE1D0B6862009E1C7B /* AppDelegate.swift in Sources */ = {isa = PBXBuildFile; fileRef = 09D5B3BD1D0B6862009E1C7B /* AppDelegate.swift */; };
		09D5B3C01D0B6862009E1C7B /* ViewController.swift in Sources */ = {isa = PBXBuildFile; fileRef = 09D5B3BF1D0B6862009E1C7B /* ViewController.swift */; };
		09D5B3C31D0B6862009E1C7B /* Main.storyboard in Resources */ = {isa = PBXBuildFile; fileRef = 09D5B3C11D0B6862009E1C7B /* Main.storyboard */; };
		09D5B3C51D0B6862009E1C7B /* Assets.xcassets in Resources */ = {isa = PBXBuildFile; fileRef = 09D5B3C41D0B6862009E1C7B /* Assets.xcassets */; };
		09D5B3C81D0B6862009E1C7B /* LaunchScreen.storyboard in Resources */ = {isa = PBXBuildFile; fileRef = 09D5B3C61D0B6862009E1C7B /* LaunchScreen.storyboard */; };
		09D5B3D61D0B6982009E1C7B /* MultipeerConnectivity.framework in Frameworks */ = {isa = PBXBuildFile; fileRef = 09D5B3D51D0B6982009E1C7B /* MultipeerConnectivity.framework */; };
/* End PBXBuildFile section */

/* Begin PBXFileReference section */
		0907CD231ED359A600350677 /* Pat.mp3 */ = {isa = PBXFileReference; lastKnownFileType = audio.mp3; path = Pat.mp3; sourceTree = "<group>"; };
		0907CD241ED359A600350677 /* select.mp3 */ = {isa = PBXFileReference; lastKnownFileType = audio.mp3; path = select.mp3; sourceTree = "<group>"; };
		0907CD251ED359A600350677 /* shorttone.mp3 */ = {isa = PBXFileReference; lastKnownFileType = audio.mp3; path = shorttone.mp3; sourceTree = "<group>"; };
		0938F1D21D137EE900196DC4 /* AVFoundation.framework */ = {isa = PBXFileReference; lastKnownFileType = wrapper.framework; name = AVFoundation.framework; path = System/Library/Frameworks/AVFoundation.framework; sourceTree = SDKROOT; };
		09D5B3BA1D0B6862009E1C7B /* CE06.app */ = {isa = PBXFileReference; explicitFileType = wrapper.application; includeInIndex = 0; path = CE06.app; sourceTree = BUILT_PRODUCTS_DIR; };
		09D5B3BD1D0B6862009E1C7B /* AppDelegate.swift */ = {isa = PBXFileReference; lastKnownFileType = sourcecode.swift; path = AppDelegate.swift; sourceTree = "<group>"; };
		09D5B3BF1D0B6862009E1C7B /* ViewController.swift */ = {isa = PBXFileReference; lastKnownFileType = sourcecode.swift; path = ViewController.swift; sourceTree = "<group>"; };
		09D5B3C21D0B6862009E1C7B /* Base */ = {isa = PBXFileReference; lastKnownFileType = file.storyboard; name = Base; path = Base.lproj/Main.storyboard; sourceTree = "<group>"; };
		09D5B3C41D0B6862009E1C7B /* Assets.xcassets */ = {isa = PBXFileReference; lastKnownFileType = folder.assetcatalog; path = Assets.xcassets; sourceTree = "<group>"; };
		09D5B3C71D0B6862009E1C7B /* Base */ = {isa = PBXFileReference; lastKnownFileType = file.storyboard; name = Base; path = Base.lproj/LaunchScreen.storyboard; sourceTree = "<group>"; };
		09D5B3C91D0B6862009E1C7B /* Info.plist */ = {isa = PBXFileReference; lastKnownFileType = text.plist.xml; path = Info.plist; sourceTree = "<group>"; };
		09D5B3D51D0B6982009E1C7B /* MultipeerConnectivity.framework */ = {isa = PBXFileReference; lastKnownFileType = wrapper.framework; name = MultipeerConnectivity.framework; path = System/Library/Frameworks/MultipeerConnectivity.framework; sourceTree = SDKROOT; };
/* End PBXFileReference section */

/* Begin PBXFrameworksBuildPhase section */
		09D5B3B71D0B6862009E1C7B /* Frameworks */ = {
			isa = PBXFrameworksBuildPhase;
			buildActionMask = 2147483647;
			files = (
				0938F1D31D137EE900196DC4 /* AVFoundation.framework in Frameworks */,
				09D5B3D61D0B6982009E1C7B /* MultipeerConnectivity.framework in Frameworks */,
			);
			runOnlyForDeploymentPostprocessing = 0;
		};
/* End PBXFrameworksBuildPhase section */

/* Begin PBXGroup section */
		0907CD211ED358D000350677 /* Model */ = {
			isa = PBXGroup;
			children = (
			);
			name = Model;
			path = ..;
			sourceTree = "<group>";
		};
		0907CD221ED358DA00350677 /* View */ = {
			isa = PBXGroup;
			children = (
			);
			name = View;
			path = ..;
			sourceTree = "<group>";
		};
		09D5B3B11D0B6862009E1C7B = {
			isa = PBXGroup;
			children = (
				09D5B3D01D0B6898009E1C7B /* Frameworks */,
				09D5B3BC1D0B6862009E1C7B /* CE06 */,
				09D5B3BB1D0B6862009E1C7B /* Products */,
			);
			sourceTree = "<group>";
		};
		09D5B3BB1D0B6862009E1C7B /* Products */ = {
			isa = PBXGroup;
			children = (
				09D5B3BA1D0B6862009E1C7B /* CE06.app */,
			);
			name = Products;
			sourceTree = "<group>";
		};
		09D5B3BC1D0B6862009E1C7B /* CE06 */ = {
			isa = PBXGroup;
			children = (
				0907CD211ED358D000350677 /* Model */,
				0907CD221ED358DA00350677 /* View */,
				09D5B3D41D0B68DE009E1C7B /* Controller */,
				09D5B3D11D0B68A8009E1C7B /* App */,
				09D5B3D21D0B68BE009E1C7B /* Resources */,
				09D5B3D31D0B68CD009E1C7B /* Storyboards */,
			);
			path = CE06;
			sourceTree = "<group>";
		};
		09D5B3D01D0B6898009E1C7B /* Frameworks */ = {
			isa = PBXGroup;
			children = (
				0938F1D21D137EE900196DC4 /* AVFoundation.framework */,
				09D5B3D51D0B6982009E1C7B /* MultipeerConnectivity.framework */,
			);
			name = Frameworks;
			sourceTree = "<group>";
		};
		09D5B3D11D0B68A8009E1C7B /* App */ = {
			isa = PBXGroup;
			children = (
				09D5B3BD1D0B6862009E1C7B /* AppDelegate.swift */,
			);
			name = App;
			sourceTree = "<group>";
		};
		09D5B3D21D0B68BE009E1C7B /* Resources */ = {
			isa = PBXGroup;
			children = (
				0907CD231ED359A600350677 /* Pat.mp3 */,
				0907CD241ED359A600350677 /* select.mp3 */,
				0907CD251ED359A600350677 /* shorttone.mp3 */,
				09D5B3C91D0B6862009E1C7B /* Info.plist */,
				09D5B3C41D0B6862009E1C7B /* Assets.xcassets */,
			);
			name = Resources;
			sourceTree = "<group>";
		};
		09D5B3D31D0B68CD009E1C7B /* Storyboards */ = {
			isa = PBXGroup;
			children = (
				09D5B3C61D0B6862009E1C7B /* LaunchScreen.storyboard */,
				09D5B3C11D0B6862009E1C7B /* Main.storyboard */,
			);
			name = Storyboards;
			sourceTree = "<group>";
		};
		09D5B3D41D0B68DE009E1C7B /* Controller */ = {
			isa = PBXGroup;
			children = (
				09D5B3BF1D0B6862009E1C7B /* ViewController.swift */,
			);
			name = Controller;
			sourceTree = "<group>";
		};
/* End PBXGroup section */

/* Begin PBXNativeTarget section */
		09D5B3B91D0B6862009E1C7B /* CE06 */ = {
			isa = PBXNativeTarget;
			buildConfigurationList = 09D5B3CC1D0B6862009E1C7B /* Build configuration list for PBXNativeTarget "CE06" */;
			buildPhases = (
				09D5B3B61D0B6862009E1C7B /* Sources */,
				09D5B3B71D0B6862009E1C7B /* Frameworks */,
				09D5B3B81D0B6862009E1C7B /* Resources */,
			);
			buildRules = (
			);
			dependencies = (
			);
			name = CE06;
			productName = CE06;
			productReference = 09D5B3BA1D0B6862009E1C7B /* CE06.app */;
			productType = "com.apple.product-type.application";
		};
/* End PBXNativeTarget section */

/* Begin PBXProject section */
		09D5B3B21D0B6862009E1C7B /* Project object */ = {
			isa = PBXProject;
			attributes = {
				LastSwiftUpdateCheck = 0730;
				LastUpgradeCheck = 0830;
				ORGANIZATIONNAME = "Full Sail";
				TargetAttributes = {
					09D5B3B91D0B6862009E1C7B = {
						CreatedOnToolsVersion = 7.3.1;
						DevelopmentTeam = 6GTM24L94G;
						LastSwiftMigration = 0830;
					};
				};
			};
			buildConfigurationList = 09D5B3B51D0B6862009E1C7B /* Build configuration list for PBXProject "CE06" */;
			compatibilityVersion = "Xcode 3.2";
			developmentRegion = English;
			hasScannedForEncodings = 0;
			knownRegions = (
				en,
				Base,
			);
			mainGroup = 09D5B3B11D0B6862009E1C7B;
			productRefGroup = 09D5B3BB1D0B6862009E1C7B /* Products */;
			projectDirPath = "";
			projectRoot = "";
			targets = (
				09D5B3B91D0B6862009E1C7B /* CE06 */,
			);
		};
/* End PBXProject section */

/* Begin PBXResourcesBuildPhase section */
		09D5B3B81D0B6862009E1C7B /* Resources */ = {
			isa = PBXResourcesBuildPhase;
			buildActionMask = 2147483647;
			files = (
				0907CD271ED359A600350677 /* select.mp3 in Resources */,
				09D5B3C81D0B6862009E1C7B /* LaunchScreen.storyboard in Resources */,
				0907CD261ED359A600350677 /* Pat.mp3 in Resources */,
				09D5B3C51D0B6862009E1C7B /* Assets.xcassets in Resources */,
				0907CD281ED359A600350677 /* shorttone.mp3 in Resources */,
				09D5B3C31D0B6862009E1C7B /* Main.storyboard in Resources */,
			);
			runOnlyForDeploymentPostprocessing = 0;
		};
/* End PBXResourcesBuildPhase section */

/* Begin PBXSourcesBuildPhase section */
		09D5B3B61D0B6862009E1C7B /* Sources */ = {
			isa = PBXSourcesBuildPhase;
			buildActionMask = 2147483647;
			files = (
				09D5B3C01D0B6862009E1C7B /* ViewController.swift in Sources */,
				09D5B3BE1D0B6862009E1C7B /* AppDelegate.swift in Sources */,
			);
			runOnlyForDeploymentPostprocessing = 0;
		};
/* End PBXSourcesBuildPhase section */

/* Begin PBXVariantGroup section */
		09D5B3C11D0B6862009E1C7B /* Main.storyboard */ = {
			isa = PBXVariantGroup;
			children = (
				09D5B3C21D0B6862009E1C7B /* Base */,
			);
			name = Main.storyboard;
			sourceTree = "<group>";
		};
		09D5B3C61D0B6862009E1C7B /* LaunchScreen.storyboard */ = {
			isa = PBXVariantGroup;
			children = (
				09D5B3C71D0B6862009E1C7B /* Base */,
			);
			name = LaunchScreen.storyboard;
			sourceTree = "<group>";
		};
/* End PBXVariantGroup section */

/* Begin XCBuildConfiguration section */
		09D5B3CA1D0B6862009E1C7B /* Debug */ = {
			isa = XCBuildConfiguration;
			buildSettings = {
				ALWAYS_SEARCH_USER_PATHS = NO;
				CLANG_ANALYZER_NONNULL = YES;
				CLANG_CXX_LANGUAGE_STANDARD = "gnu++0x";
				CLANG_CXX_LIBRARY = "libc++";
				CLANG_ENABLE_MODULES = YES;
				CLANG_ENABLE_OBJC_ARC = YES;
				CLANG_WARN_BOOL_CONVERSION = YES;
				CLANG_WARN_CONSTANT_CONVERSION = YES;
				CLANG_WARN_DIRECT_OBJC_ISA_USAGE = YES_ERROR;
				CLANG_WARN_EMPTY_BODY = YES;
				CLANG_WARN_ENUM_CONVERSION = YES;
				CLANG_WARN_INFINITE_RECURSION = YES;
				CLANG_WARN_INT_CONVERSION = YES;
				CLANG_WARN_OBJC_ROOT_CLASS = YES_ERROR;
				CLANG_WARN_SUSPICIOUS_MOVE = YES;
				CLANG_WARN_UNREACHABLE_CODE = YES;
				CLANG_WARN__DUPLICATE_METHOD_MATCH = YES;
				"CODE_SIGN_IDENTITY[sdk=iphoneos*]" = "iPhone Developer";
				COPY_PHASE_STRIP = NO;
				DEBUG_INFORMATION_FORMAT = dwarf;
				ENABLE_STRICT_OBJC_MSGSEND = YES;
				ENABLE_TESTABILITY = YES;
				GCC_C_LANGUAGE_STANDARD = gnu99;
				GCC_DYNAMIC_NO_PIC = NO;
				GCC_NO_COMMON_BLOCKS = YES;
				GCC_OPTIMIZATION_LEVEL = 0;
				GCC_PREPROCESSOR_DEFINITIONS = (
					"DEBUG=1",
					"$(inherited)",
				);
				GCC_WARN_64_TO_32_BIT_CONVERSION = YES;
				GCC_WARN_ABOUT_RETURN_TYPE = YES_ERROR;
				GCC_WARN_UNDECLARED_SELECTOR = YES;
				GCC_WARN_UNINITIALIZED_AUTOS = YES_AGGRESSIVE;
				GCC_WARN_UNUSED_FUNCTION = YES;
				GCC_WARN_UNUSED_VARIABLE = YES;
				IPHONEOS_DEPLOYMENT_TARGET = 9.3;
				MTL_ENABLE_DEBUG_INFO = YES;
				ONLY_ACTIVE_ARCH = YES;
				SDKROOT = iphoneos;
				SWIFT_OPTIMIZATION_LEVEL = "-Onone";
				TARGETED_DEVICE_FAMILY = "1,2";
			};
			name = Debug;
		};
		09D5B3CB1D0B6862009E1C7B /* Release */ = {
			isa = XCBuildConfiguration;
			buildSettings = {
				ALWAYS_SEARCH_USER_PATHS = NO;
				CLANG_ANALYZER_NONNULL = YES;
				CLANG_CXX_LANGUAGE_STANDARD = "gnu++0x";
				CLANG_CXX_LIBRARY = "libc++";
				CLANG_ENABLE_MODULES = YES;
				CLANG_ENABLE_OBJC_ARC = YES;
				CLANG_WARN_BOOL_CONVERSION = YES;
				CLANG_WARN_CONSTANT_CONVERSION = YES;
				CLANG_WARN_DIRECT_OBJC_ISA_USAGE = YES_ERROR;
				CLANG_WARN_EMPTY_BODY = YES;
				CLANG_WARN_ENUM_CONVERSION = YES;
				CLANG_WARN_INFINITE_RECURSION = YES;
				CLANG_WARN_INT_CONVERSION = YES;
				CLANG_WARN_OBJC_ROOT_CLASS = YES_ERROR;
				CLANG_WARN_SUSPICIOUS_MOVE = YES;
				CLANG_WARN_UNREACHABLE_CODE = YES;
				CLANG_WARN__DUPLICATE_METHOD_MATCH = YES;
				"CODE_SIGN_IDENTITY[sdk=iphoneos*]" = "iPhone Developer";
				COPY_PHASE_STRIP = NO;
				DEBUG_INFORMATION_FORMAT = "dwarf-with-dsym";
				ENABLE_NS_ASSERTIONS = NO;
				ENABLE_STRICT_OBJC_MSGSEND = YES;
				GCC_C_LANGUAGE_STANDARD = gnu99;
				GCC_NO_COMMON_BLOCKS = YES;
				GCC_WARN_64_TO_32_BIT_CONVERSION = YES;
				GCC_WARN_ABOUT_RETURN_TYPE = YES_ERROR;
				GCC_WARN_UNDECLARED_SELECTOR = YES;
				GCC_WARN_UNINITIALIZED_AUTOS = YES_AGGRESSIVE;
				GCC_WARN_UNUSED_FUNCTION = YES;
				GCC_WARN_UNUSED_VARIABLE = YES;
				IPHONEOS_DEPLOYMENT_TARGET = 9.3;
				MTL_ENABLE_DEBUG_INFO = NO;
				SDKROOT = iphoneos;
				SWIFT_OPTIMIZATION_LEVEL = "-Owholemodule";
				TARGETED_DEVICE_FAMILY = "1,2";
				VALIDATE_PRODUCT = YES;
			};
			name = Release;
		};
		09D5B3CD1D0B6862009E1C7B /* Debug */ = {
			isa = XCBuildConfiguration;
			buildSettings = {
				ASSETCATALOG_COMPILER_APPICON_NAME = AppIcon;
				DEVELOPMENT_TEAM = 6GTM24L94G;
				INFOPLIST_FILE = CE06/Info.plist;
				LD_RUNPATH_SEARCH_PATHS = "$(inherited) @executable_path/Frameworks";
				PRODUCT_BUNDLE_IDENTIFIER = com.ABtechApps;
				PRODUCT_NAME = "$(TARGET_NAME)";
				SWIFT_VERSION = 3.0;
			};
			name = Debug;
		};
		09D5B3CE1D0B6862009E1C7B /* Release */ = {
			isa = XCBuildConfiguration;
			buildSettings = {
				ASSETCATALOG_COMPILER_APPICON_NAME = AppIcon;
				DEVELOPMENT_TEAM = 6GTM24L94G;
				INFOPLIST_FILE = CE06/Info.plist;
				LD_RUNPATH_SEARCH_PATHS = "$(inherited) @executable_path/Frameworks";
				PRODUCT_BUNDLE_IDENTIFIER = com.ABtechApps;
				PRODUCT_NAME = "$(TARGET_NAME)";
				SWIFT_VERSION = 3.0;
			};
			name = Release;
		};
/* End XCBuildConfiguration section */

/* Begin XCConfigurationList section */
		09D5B3B51D0B6862009E1C7B /* Build configuration list for PBXProject "CE06" */ = {
			isa = XCConfigurationList;
			buildConfigurations = (
				09D5B3CA1D0B6862009E1C7B /* Debug */,
				09D5B3CB1D0B6862009E1C7B /* Release */,
			);
			defaultConfigurationIsVisible = 0;
			defaultConfigurationName = Release;
		};
		09D5B3CC1D0B6862009E1C7B /* Build configuration list for PBXNativeTarget "CE06" */ = {
			isa = XCConfigurationList;
			buildConfigurations = (
				09D5B3CD1D0B6862009E1C7B /* Debug */,
				09D5B3CE1D0B6862009E1C7B /* Release */,
			);
			defaultConfigurationIsVisible = 0;
			defaultConfigurationName = Release;
		};
/* End XCConfigurationList section */
	};
	rootObject = 09D5B3B21D0B6862009E1C7B /* Project object */;
}
